
Microsoft Visual Studio Solution File, Format Version 12.00
# Visual Studio Version 17
VisualStudioVersion = 17.8.34408.163
MinimumVisualStudioVersion = 10.0.40219.1
Project("{FAE04EC0-301F-11D3-BF4B-00C04F79EFBC}") = "Arrays_9a", "Arrays_9a.csproj", "{8DECD0E3-EDB1-4DDB-A77F-BBD78FF78C78}"
EndProject
Project("{FAE04EC0-301F-11D3-BF4B-00C04F79EFBC}") = "AgregatArray", "..\AgregatArray\AgregatArray.csproj", "{E579068F-611E-45EA-934E-1AB897A65FE2}"
EndProject
Global
	GlobalSection(SolutionConfigurationPlatforms) = preSolution
		Debug|Any CPU = Debug|Any CPU
		Release|Any CPU = Release|Any CPU
	EndGlobalSection
	GlobalSection(ProjectConfigurationPlatforms) = postSolution
		{8DECD0E3-EDB1-4DDB-A77F-BBD78FF78C78}.Debug|Any CPU.ActiveCfg = Debug|Any CPU
		{8DECD0E3-EDB1-4DDB-A77F-BBD78FF78C78}.Debug|Any CPU.Build.0 = Debug|Any CPU
		{8DECD0E3-EDB1-4DDB-A77F-BBD78FF78C78}.Release|Any CPU.ActiveCfg = Release|Any CPU
		{8DECD0E3-EDB1-4DDB-A77F-BBD78FF78C78}.Release|Any CPU.Build.0 = Release|Any CPU
		{E579068F-611E-45EA-934E-1AB897A65FE2}.Debug|Any CPU.ActiveCfg = Debug|Any CPU
		{E579068F-611E-45EA-934E-1AB897A65FE2}.Debug|Any CPU.Build.0 = Debug|Any CPU
		{E579068F-611E-45EA-934E-1AB897A65FE2}.Release|Any CPU.ActiveCfg = Release|Any CPU
		{E579068F-611E-45EA-934E-1AB897A65FE2}.Release|Any CPU.Build.0 = Release|Any CPU
	EndGlobalSection
	GlobalSection(SolutionProperties) = preSolution
		HideSolutionNode = FALSE
	EndGlobalSection
	GlobalSection(ExtensibilityGlobals) = postSolution
		SolutionGuid = {CC5ED8BB-4351-4736-8AC7-89A4E7265425}
	EndGlobalSection
EndGlobal
